{
  "version": 4,
  "terraform_version": "1.10.5",
  "serial": 44,
  "lineage": "e384bd6a-5eb5-464f-73b0-253badba7b9e",
  "outputs": {
    "container_ids": {
      "value": [
        "3f81f2e9e3ff1b15c94a3b04de3aa8854793f7a9cff04fba8b0b01641ef94109"
      ],
      "type": [
        "tuple",
        [
          "string"
        ]
      ]
    },
    "container_ips": {
      "value": [
        "172.17.0.2"
      ],
      "type": [
        "tuple",
        [
          "string"
        ]
      ]
    },
    "container_ports": {
      "value": [
        [
          {
            "external": 3001,
            "internal": 80,
            "ip": "0.0.0.0",
            "protocol": "tcp"
          }
        ]
      ],
      "type": [
        "tuple",
        [
          [
            "list",
            [
              "object",
              {
                "external": "number",
                "internal": "number",
                "ip": "string",
                "protocol": "string"
              }
            ]
          ]
        ]
      ]
    }
  },
  "resources": [
    {
      "mode": "managed",
      "type": "docker_container",
      "name": "nginx",
      "provider": "provider[\"registry.terraform.io/kreuzwerker/docker\"]",
      "instances": [
        {
          "index_key": 0,
          "schema_version": 2,
          "attributes": {
            "attach": false,
            "bridge": "",
            "capabilities": [],
            "command": [
              "nginx",
              "-g",
              "daemon off;"
            ],
            "container_logs": null,
            "cpu_set": "",
            "cpu_shares": 0,
            "destroy_grace_seconds": null,
            "devices": [],
            "dns": null,
            "dns_opts": null,
            "dns_search": null,
            "domainname": "",
            "entrypoint": [
              "/docker-entrypoint.sh"
            ],
            "env": [],
            "exit_code": null,
            "gateway": "172.17.0.1",
            "group_add": null,
            "healthcheck": null,
            "host": [],
            "hostname": "3f81f2e9e3ff",
            "id": "3f81f2e9e3ff1b15c94a3b04de3aa8854793f7a9cff04fba8b0b01641ef94109",
            "image": "sha256:97662d24417b316f60607afbca9f226a2ba58f09d642f27b8e197a89859ddc8e",
            "init": false,
            "ip_address": "172.17.0.2",
            "ip_prefix_length": 16,
            "ipc_mode": "private",
            "labels": [],
            "links": null,
            "log_driver": "json-file",
            "log_opts": null,
            "logs": false,
            "max_retry_count": 0,
            "memory": 512,
            "memory_swap": 1024,
            "mounts": [],
            "must_run": true,
            "name": "nginx_container_0",
            "network_alias": null,
            "network_data": [
              {
                "gateway": "172.17.0.1",
                "global_ipv6_address": "",
                "global_ipv6_prefix_length": 0,
                "ip_address": "172.17.0.2",
                "ip_prefix_length": 16,
                "ipv6_gateway": "",
                "network_name": "bridge"
              }
            ],
            "network_mode": "bridge",
            "networks": null,
            "networks_advanced": [],
            "pid_mode": "",
            "ports": [
              {
                "external": 3001,
                "internal": 80,
                "ip": "0.0.0.0",
                "protocol": "tcp"
              }
            ],
            "privileged": false,
            "publish_all_ports": false,
            "read_only": false,
            "remove_volumes": true,
            "restart": "no",
            "rm": false,
            "security_opts": [],
            "shm_size": 64,
            "start": true,
            "stdin_open": false,
            "sysctls": null,
            "tmpfs": null,
            "tty": false,
            "ulimit": [],
            "upload": [],
            "user": "",
            "userns_mode": "",
            "volumes": [],
            "working_dir": ""
          },
          "sensitive_attributes": [],
          "private": "eyJzY2hlbWFfdmVyc2lvbiI6IjIifQ==",
          "dependencies": [
            "docker_image.nginx"
          ]
        }
      ]
    },
    {
      "mode": "managed",
      "type": "docker_image",
      "name": "nginx",
      "provider": "provider[\"registry.terraform.io/kreuzwerker/docker\"]",
      "instances": [
        {
          "schema_version": 0,
          "attributes": {
            "build": [],
            "force_remove": null,
            "id": "sha256:97662d24417b316f60607afbca9f226a2ba58f09d642f27b8e197a89859ddc8enginx:latest",
            "keep_locally": false,
            "latest": "sha256:97662d24417b316f60607afbca9f226a2ba58f09d642f27b8e197a89859ddc8e",
            "name": "nginx:latest",
            "output": null,
            "pull_trigger": null,
            "pull_triggers": null,
            "repo_digest": "nginx@sha256:91734281c0ebfc6f1aea979cffeed5079cfe786228a71cc6f1f46a228cde6e34"
          },
          "sensitive_attributes": [],
          "private": "bnVsbA=="
        }
      ]
    }
  ],
  "check_results": [
    {
      "object_kind": "var",
      "config_addr": "var.image",
      "status": "pass",
      "objects": [
        {
          "object_addr": "var.image",
          "status": "pass"
        }
      ]
    },
    {
      "object_kind": "var",
      "config_addr": "var.container_memory",
      "status": "pass",
      "objects": [
        {
          "object_addr": "var.container_memory",
          "status": "pass"
        }
      ]
    },
    {
      "object_kind": "var",
      "config_addr": "var.container_count",
      "status": "pass",
      "objects": [
        {
          "object_addr": "var.container_count",
          "status": "pass"
        }
      ]
    },
    {
      "object_kind": "var",
      "config_addr": "var.start_port",
      "status": "pass",
      "objects": [
        {
          "object_addr": "var.start_port",
          "status": "pass"
        }
      ]
    }
  ]
}
