{
  "version": 4,
  "terraform_version": "1.10.5",
  "serial": 42,
  "lineage": "e384bd6a-5eb5-464f-73b0-253badba7b9e",
  "outputs": {
    "container_ids": {
      "value": [
        "9f5ef8e13e59f21bc24d0cd78cb2062b1d0a0c0d25a8d5502565e81cf8b948e9"
      ],
      "type": [
        "tuple",
        [
          "string"
        ]
      ]
    },
    "container_ips": {
      "value": [
        "172.17.0.2"
      ],
      "type": [
        "tuple",
        [
          "string"
        ]
      ]
    },
    "container_ports": {
      "value": [
        [
          {
            "external": 3000,
            "internal": 80,
            "ip": "0.0.0.0",
            "protocol": "tcp"
          }
        ]
      ],
      "type": [
        "tuple",
        [
          [
            "list",
            [
              "object",
              {
                "external": "number",
                "internal": "number",
                "ip": "string",
                "protocol": "string"
              }
            ]
          ]
        ]
      ]
    }
  },
  "resources": [
    {
      "mode": "managed",
      "type": "docker_container",
      "name": "nginx",
      "provider": "provider[\"registry.terraform.io/kreuzwerker/docker\"]",
      "instances": [
        {
          "index_key": 0,
          "status": "tainted",
          "schema_version": 2,
          "attributes": {
            "attach": false,
            "bridge": null,
            "capabilities": [],
            "command": null,
            "container_logs": null,
            "cpu_set": null,
            "cpu_shares": null,
            "destroy_grace_seconds": null,
            "devices": [],
            "dns": null,
            "dns_opts": null,
            "dns_search": null,
            "domainname": null,
            "entrypoint": null,
            "env": [],
            "exit_code": null,
            "gateway": null,
            "group_add": null,
            "healthcheck": null,
            "host": [],
            "hostname": null,
            "id": "544567efd98484b9c09ba2cb7e5411d7ebbaf401e821489667e37e1ba3e5a790",
            "image": "nginx:latest",
            "init": null,
            "ip_address": null,
            "ip_prefix_length": null,
            "ipc_mode": null,
            "labels": [],
            "links": null,
            "log_driver": "json-file",
            "log_opts": null,
            "logs": false,
            "max_retry_count": null,
            "memory": 512,
            "memory_swap": null,
            "mounts": [],
            "must_run": true,
            "name": "nginx_container_0",
            "network_alias": null,
            "network_data": null,
            "network_mode": null,
            "networks": null,
            "networks_advanced": [],
            "pid_mode": null,
            "ports": [
              {
                "external": 3000,
                "internal": 80,
                "ip": "0.0.0.0",
                "protocol": "tcp"
              }
            ],
            "privileged": false,
            "publish_all_ports": null,
            "read_only": false,
            "remove_volumes": true,
            "restart": "no",
            "rm": false,
            "security_opts": [],
            "shm_size": null,
            "start": true,
            "stdin_open": false,
            "sysctls": null,
            "tmpfs": null,
            "tty": false,
            "ulimit": [],
            "upload": [],
            "user": null,
            "userns_mode": null,
            "volumes": [],
            "working_dir": null
          },
          "sensitive_attributes": [],
          "private": "eyJzY2hlbWFfdmVyc2lvbiI6IjIifQ==",
          "dependencies": [
            "docker_image.nginx"
          ]
        }
      ]
    },
    {
      "mode": "managed",
      "type": "docker_image",
      "name": "nginx",
      "provider": "provider[\"registry.terraform.io/kreuzwerker/docker\"]",
      "instances": [
        {
          "schema_version": 0,
          "attributes": {
            "build": [],
            "force_remove": null,
            "id": "sha256:97662d24417b316f60607afbca9f226a2ba58f09d642f27b8e197a89859ddc8enginx:latest",
            "keep_locally": false,
            "latest": "sha256:97662d24417b316f60607afbca9f226a2ba58f09d642f27b8e197a89859ddc8e",
            "name": "nginx:latest",
            "output": null,
            "pull_trigger": null,
            "pull_triggers": null,
            "repo_digest": "nginx@sha256:91734281c0ebfc6f1aea979cffeed5079cfe786228a71cc6f1f46a228cde6e34"
          },
          "sensitive_attributes": [],
          "private": "bnVsbA=="
        }
      ]
    }
  ],
  "check_results": [
    {
      "object_kind": "var",
      "config_addr": "var.start_port",
      "status": "pass",
      "objects": [
        {
          "object_addr": "var.start_port",
          "status": "pass"
        }
      ]
    },
    {
      "object_kind": "var",
      "config_addr": "var.image",
      "status": "pass",
      "objects": [
        {
          "object_addr": "var.image",
          "status": "pass"
        }
      ]
    },
    {
      "object_kind": "var",
      "config_addr": "var.container_memory",
      "status": "pass",
      "objects": [
        {
          "object_addr": "var.container_memory",
          "status": "pass"
        }
      ]
    },
    {
      "object_kind": "var",
      "config_addr": "var.container_count",
      "status": "pass",
      "objects": [
        {
          "object_addr": "var.container_count",
          "status": "pass"
        }
      ]
    }
  ]
}
